
Microsoft Visual Studio Solution File, Format Version 12.00
# Visual Studio 15
VisualStudioVersion = 15.0.26430.14
MinimumVisualStudioVersion = 10.0.40219.1
Project("{FAE04EC0-301F-11D3-BF4B-00C04F79EFBC}") = "ChurrasTrinca", "ChurrasTrinca\ChurrasTrinca.csproj", "{5731D54E-DD76-4BBC-B8DF-8152F0033E1B}"
EndProject
Project("{FAE04EC0-301F-11D3-BF4B-00C04F79EFBC}") = "ChurrasTrinca.DataAccess", "ChurrasTrinca.DataAccess\ChurrasTrinca.DataAccess.csproj", "{12D9FD8B-D7EC-455A-9EEB-0F4A9A3C9FC1}"
EndProject
Project("{FAE04EC0-301F-11D3-BF4B-00C04F79EFBC}") = "ChurrasTrinca.Business", "ChurrasTrinca.Business\ChurrasTrinca.Business.csproj", "{C5008C83-FF33-4ACD-84BC-ED4F9F8CE072}"
EndProject
Project("{FAE04EC0-301F-11D3-BF4B-00C04F79EFBC}") = "ChurrasTrinca.Entities", "ChurrasTrinca.Entities\ChurrasTrinca.Entities.csproj", "{57A547EA-4E33-44C6-BEDD-68BF3D53C6DF}"
EndProject
Global
	GlobalSection(SolutionConfigurationPlatforms) = preSolution
		Debug|Any CPU = Debug|Any CPU
		Release|Any CPU = Release|Any CPU
	EndGlobalSection
	GlobalSection(ProjectConfigurationPlatforms) = postSolution
		{5731D54E-DD76-4BBC-B8DF-8152F0033E1B}.Debug|Any CPU.ActiveCfg = Debug|Any CPU
		{5731D54E-DD76-4BBC-B8DF-8152F0033E1B}.Debug|Any CPU.Build.0 = Debug|Any CPU
		{5731D54E-DD76-4BBC-B8DF-8152F0033E1B}.Release|Any CPU.ActiveCfg = Release|Any CPU
		{5731D54E-DD76-4BBC-B8DF-8152F0033E1B}.Release|Any CPU.Build.0 = Release|Any CPU
		{12D9FD8B-D7EC-455A-9EEB-0F4A9A3C9FC1}.Debug|Any CPU.ActiveCfg = Debug|Any CPU
		{12D9FD8B-D7EC-455A-9EEB-0F4A9A3C9FC1}.Debug|Any CPU.Build.0 = Debug|Any CPU
		{12D9FD8B-D7EC-455A-9EEB-0F4A9A3C9FC1}.Release|Any CPU.ActiveCfg = Release|Any CPU
		{12D9FD8B-D7EC-455A-9EEB-0F4A9A3C9FC1}.Release|Any CPU.Build.0 = Release|Any CPU
		{C5008C83-FF33-4ACD-84BC-ED4F9F8CE072}.Debug|Any CPU.ActiveCfg = Debug|Any CPU
		{C5008C83-FF33-4ACD-84BC-ED4F9F8CE072}.Debug|Any CPU.Build.0 = Debug|Any CPU
		{C5008C83-FF33-4ACD-84BC-ED4F9F8CE072}.Release|Any CPU.ActiveCfg = Release|Any CPU
		{C5008C83-FF33-4ACD-84BC-ED4F9F8CE072}.Release|Any CPU.Build.0 = Release|Any CPU
		{57A547EA-4E33-44C6-BEDD-68BF3D53C6DF}.Debug|Any CPU.ActiveCfg = Debug|Any CPU
		{57A547EA-4E33-44C6-BEDD-68BF3D53C6DF}.Debug|Any CPU.Build.0 = Debug|Any CPU
		{57A547EA-4E33-44C6-BEDD-68BF3D53C6DF}.Release|Any CPU.ActiveCfg = Release|Any CPU
		{57A547EA-4E33-44C6-BEDD-68BF3D53C6DF}.Release|Any CPU.Build.0 = Release|Any CPU
	EndGlobalSection
	GlobalSection(SolutionProperties) = preSolution
		HideSolutionNode = FALSE
	EndGlobalSection
EndGlobal
